
Microsoft Visual Studio Solution File, Format Version 12.00
# Visual Studio Version 17
VisualStudioVersion = 17.0.32126.317
MinimumVisualStudioVersion = 10.0.40219.1
Project("{FAE04EC0-301F-11D3-BF4B-00C04F79EFBC}") = "eTickets", "eTickets\eTickets.csproj", "{CB9AC9DB-0145-4393-B3C1-CE57FCC308FE}"
EndProject
Global
	GlobalSection(SolutionConfigurationPlatforms) = preSolution
		Debug|Any CPU = Debug|Any CPU
		Release|Any CPU = Release|Any CPU
	EndGlobalSection
	GlobalSection(ProjectConfigurationPlatforms) = postSolution
		{CB9AC9DB-0145-4393-B3C1-CE57FCC308FE}.Debug|Any CPU.ActiveCfg = Debug|Any CPU
		{CB9AC9DB-0145-4393-B3C1-CE57FCC308FE}.Debug|Any CPU.Build.0 = Debug|Any CPU
		{CB9AC9DB-0145-4393-B3C1-CE57FCC308FE}.Release|Any CPU.ActiveCfg = Release|Any CPU
		{CB9AC9DB-0145-4393-B3C1-CE57FCC308FE}.Release|Any CPU.Build.0 = Release|Any CPU
	EndGlobalSection
	GlobalSection(SolutionProperties) = preSolution
		HideSolutionNode = FALSE
	EndGlobalSection
	GlobalSection(ExtensibilityGlobals) = postSolution
		SolutionGuid = {31D7C0C1-F64F-4CB0-A00B-68A2743D439D}
	EndGlobalSection
EndGlobal
